
Microsoft Visual Studio Solution File, Format Version 12.00
# Visual Studio Version 16
VisualStudioVersion = 16.0.30717.126
MinimumVisualStudioVersion = 10.0.40219.1
Project("{9A19103F-16F7-4668-BE54-9A1E7A4F7556}") = "CQRSConsole", "CQRSConsole\CQRSConsole.csproj", "{DECE0118-DE6E-4809-A655-A3CF43C8B34D}"
EndProject
Project("{FAE04EC0-301F-11D3-BF4B-00C04F79EFBC}") = "rabbitmq", "rabbitmq\rabbitmq.csproj", "{0110A488-8A17-4700-8246-65D33C9CFB7A}"
EndProject
Project("{FAE04EC0-301F-11D3-BF4B-00C04F79EFBC}") = "repositorypattern", "repositorypattern\repositorypattern.csproj", "{E7C85771-191D-4983-ACF8-39D9A3617269}"
EndProject
Global
	GlobalSection(SolutionConfigurationPlatforms) = preSolution
		Debug|Any CPU = Debug|Any CPU
		Release|Any CPU = Release|Any CPU
	EndGlobalSection
	GlobalSection(ProjectConfigurationPlatforms) = postSolution
		{DECE0118-DE6E-4809-A655-A3CF43C8B34D}.Debug|Any CPU.ActiveCfg = Debug|Any CPU
		{DECE0118-DE6E-4809-A655-A3CF43C8B34D}.Debug|Any CPU.Build.0 = Debug|Any CPU
		{DECE0118-DE6E-4809-A655-A3CF43C8B34D}.Release|Any CPU.ActiveCfg = Release|Any CPU
		{DECE0118-DE6E-4809-A655-A3CF43C8B34D}.Release|Any CPU.Build.0 = Release|Any CPU
		{0110A488-8A17-4700-8246-65D33C9CFB7A}.Debug|Any CPU.ActiveCfg = Debug|Any CPU
		{0110A488-8A17-4700-8246-65D33C9CFB7A}.Debug|Any CPU.Build.0 = Debug|Any CPU
		{0110A488-8A17-4700-8246-65D33C9CFB7A}.Release|Any CPU.ActiveCfg = Release|Any CPU
		{0110A488-8A17-4700-8246-65D33C9CFB7A}.Release|Any CPU.Build.0 = Release|Any CPU
		{E7C85771-191D-4983-ACF8-39D9A3617269}.Debug|Any CPU.ActiveCfg = Debug|Any CPU
		{E7C85771-191D-4983-ACF8-39D9A3617269}.Debug|Any CPU.Build.0 = Debug|Any CPU
		{E7C85771-191D-4983-ACF8-39D9A3617269}.Release|Any CPU.ActiveCfg = Release|Any CPU
		{E7C85771-191D-4983-ACF8-39D9A3617269}.Release|Any CPU.Build.0 = Release|Any CPU
	EndGlobalSection
	GlobalSection(SolutionProperties) = preSolution
		HideSolutionNode = FALSE
	EndGlobalSection
	GlobalSection(ExtensibilityGlobals) = postSolution
		SolutionGuid = {43A2B962-4A2A-4CF7-94B8-F86C8DEE6848}
	EndGlobalSection
EndGlobal
